
Microsoft Visual Studio Solution File, Format Version 12.00
# Visual Studio Version 17
VisualStudioVersion = 17.13.35806.99
MinimumVisualStudioVersion = 10.0.40219.1
Project("{FAE04EC0-301F-11D3-BF4B-00C04F79EFBC}") = "ngnchess", "ngnchess.csproj", "{3FBB48BD-C51C-4AEA-9637-8861912370DF}"
EndProject
Project("{FAE04EC0-301F-11D3-BF4B-00C04F79EFBC}") = "ngnchess-test", "..\ngnchess-test\ngnchess-test.csproj", "{EEAE427D-0814-4B60-82CD-37616A30AD73}"
EndProject
Global
	GlobalSection(SolutionConfigurationPlatforms) = preSolution
		Debug|Any CPU = Debug|Any CPU
		Release|Any CPU = Release|Any CPU
	EndGlobalSection
	GlobalSection(ProjectConfigurationPlatforms) = postSolution
		{3FBB48BD-C51C-4AEA-9637-8861912370DF}.Debug|Any CPU.ActiveCfg = Debug|Any CPU
		{3FBB48BD-C51C-4AEA-9637-8861912370DF}.Debug|Any CPU.Build.0 = Debug|Any CPU
		{3FBB48BD-C51C-4AEA-9637-8861912370DF}.Release|Any CPU.ActiveCfg = Release|Any CPU
		{3FBB48BD-C51C-4AEA-9637-8861912370DF}.Release|Any CPU.Build.0 = Release|Any CPU
		{EEAE427D-0814-4B60-82CD-37616A30AD73}.Debug|Any CPU.ActiveCfg = Debug|Any CPU
		{EEAE427D-0814-4B60-82CD-37616A30AD73}.Debug|Any CPU.Build.0 = Debug|Any CPU
		{EEAE427D-0814-4B60-82CD-37616A30AD73}.Release|Any CPU.ActiveCfg = Release|Any CPU
		{EEAE427D-0814-4B60-82CD-37616A30AD73}.Release|Any CPU.Build.0 = Release|Any CPU
	EndGlobalSection
	GlobalSection(SolutionProperties) = preSolution
		HideSolutionNode = FALSE
	EndGlobalSection
	GlobalSection(ExtensibilityGlobals) = postSolution
		SolutionGuid = {94C70A77-0580-4E0A-B2CB-A422C80C7C2A}
	EndGlobalSection
EndGlobal
